
Microsoft Visual Studio Solution File, Format Version 12.00
# Visual Studio Version 17
VisualStudioVersion = 17.9.34616.47
MinimumVisualStudioVersion = 10.0.40219.1
Project("{FAE04EC0-301F-11D3-BF4B-00C04F79EFBC}") = "ST02_2_1071_Miron_Alin", "ST02_2_1071_Miron_Alin\ST02_2_1071_Miron_Alin.csproj", "{A0470017-2EEE-41DE-BBAF-128DEAB902C3}"
EndProject
Global
	GlobalSection(SolutionConfigurationPlatforms) = preSolution
		Debug|Any CPU = Debug|Any CPU
		Release|Any CPU = Release|Any CPU
	EndGlobalSection
	GlobalSection(ProjectConfigurationPlatforms) = postSolution
		{A0470017-2EEE-41DE-BBAF-128DEAB902C3}.Debug|Any CPU.ActiveCfg = Debug|Any CPU
		{A0470017-2EEE-41DE-BBAF-128DEAB902C3}.Debug|Any CPU.Build.0 = Debug|Any CPU
		{A0470017-2EEE-41DE-BBAF-128DEAB902C3}.Release|Any CPU.ActiveCfg = Release|Any CPU
		{A0470017-2EEE-41DE-BBAF-128DEAB902C3}.Release|Any CPU.Build.0 = Release|Any CPU
	EndGlobalSection
	GlobalSection(SolutionProperties) = preSolution
		HideSolutionNode = FALSE
	EndGlobalSection
	GlobalSection(ExtensibilityGlobals) = postSolution
		SolutionGuid = {95EFB7A2-C641-42E1-8256-FFA434EC8DEC}
	EndGlobalSection
EndGlobal
