
Microsoft Visual Studio Solution File, Format Version 12.00
# Visual Studio Version 17
VisualStudioVersion = 17.9.34616.47
MinimumVisualStudioVersion = 10.0.40219.1
Project("{FAE04EC0-301F-11D3-BF4B-00C04F79EFBC}") = "ST03_2_1071_Miron_Alin", "ST03_2_1071_Miron_Alin\ST03_2_1071_Miron_Alin.csproj", "{9F73AF0C-1552-4832-9B95-479070880754}"
EndProject
Global
	GlobalSection(SolutionConfigurationPlatforms) = preSolution
		Debug|Any CPU = Debug|Any CPU
		Release|Any CPU = Release|Any CPU
	EndGlobalSection
	GlobalSection(ProjectConfigurationPlatforms) = postSolution
		{9F73AF0C-1552-4832-9B95-479070880754}.Debug|Any CPU.ActiveCfg = Debug|Any CPU
		{9F73AF0C-1552-4832-9B95-479070880754}.Debug|Any CPU.Build.0 = Debug|Any CPU
		{9F73AF0C-1552-4832-9B95-479070880754}.Release|Any CPU.ActiveCfg = Release|Any CPU
		{9F73AF0C-1552-4832-9B95-479070880754}.Release|Any CPU.Build.0 = Release|Any CPU
	EndGlobalSection
	GlobalSection(SolutionProperties) = preSolution
		HideSolutionNode = FALSE
	EndGlobalSection
	GlobalSection(ExtensibilityGlobals) = postSolution
		SolutionGuid = {A7D4AC71-BFC2-4D31-9A68-296062793706}
	EndGlobalSection
EndGlobal
